// !$*UTF8*$!
{
	archiveVersion = 1;
	classes = {
	};
	objectVersion = 50;
	objects = {

/* Begin PBXBuildFile section */
		020B4126268F7AA3004B6FE2 /* Bundle+displayName.swift in Sources */ = {isa = PBXBuildFile; fileRef = 020B4125268F7AA3004B6FE2 /* Bundle+displayName.swift */; };
		020B4127268F7AA3004B6FE2 /* Bundle+displayName.swift in Sources */ = {isa = PBXBuildFile; fileRef = 020B4125268F7AA3004B6FE2 /* Bundle+displayName.swift */; };
		02115E8F268CF50400085138 /* ContentView.swift in Sources */ = {isa = PBXBuildFile; fileRef = 02115E8E268CF50400085138 /* ContentView.swift */; };
		02115E91268CF58500085138 /* RecordView.swift in Sources */ = {isa = PBXBuildFile; fileRef = 02115E90268CF58500085138 /* RecordView.swift */; };
		0226126C26978A300084A085 /* AppDelegate.swift in Sources */ = {isa = PBXBuildFile; fileRef = 0226126A269789510084A085 /* AppDelegate.swift */; };
		026767972697950B005D7DC2 /* CheckbookApp.swift in Sources */ = {isa = PBXBuildFile; fileRef = 026767962697950B005D7DC2 /* CheckbookApp.swift */; };
		0267679826979526005D7DC2 /* CheckbookApp.swift in Sources */ = {isa = PBXBuildFile; fileRef = 02676794269794FB005D7DC2 /* CheckbookApp.swift */; };
		0267679A2697A2E7005D7DC2 /* AppAlert.swift in Sources */ = {isa = PBXBuildFile; fileRef = 026767992697A2E7005D7DC2 /* AppAlert.swift */; };
		02A2ADA92660A02E00774151 /* Tests_iOS.swift in Sources */ = {isa = PBXBuildFile; fileRef = 02A2ADA82660A02E00774151 /* Tests_iOS.swift */; };
		02A2ADB42660A02E00774151 /* Tests_macOS.swift in Sources */ = {isa = PBXBuildFile; fileRef = 02A2ADB32660A02E00774151 /* Tests_macOS.swift */; };
		02A2ADBA2660A02E00774151 /* Assets.xcassets in Resources */ = {isa = PBXBuildFile; fileRef = 02A2AD8F2660A02E00774151 /* Assets.xcassets */; };
		02A2ADBB2660A02E00774151 /* Assets.xcassets in Resources */ = {isa = PBXBuildFile; fileRef = 02A2AD8F2660A02E00774151 /* Assets.xcassets */; };
		02A2ADCB2660A04900774151 /* EvenType.swift in Sources */ = {isa = PBXBuildFile; fileRef = 02A2ADCA2660A04900774151 /* EvenType.swift */; };
		02A2ADCC2660A04900774151 /* EvenType.swift in Sources */ = {isa = PBXBuildFile; fileRef = 02A2ADCA2660A04900774151 /* EvenType.swift */; };
		02A2ADCE2660A05900774151 /* EventTypeError.swift in Sources */ = {isa = PBXBuildFile; fileRef = 02A2ADCD2660A05900774151 /* EventTypeError.swift */; };
		02A2ADCF2660A05900774151 /* EventTypeError.swift in Sources */ = {isa = PBXBuildFile; fileRef = 02A2ADCD2660A05900774151 /* EventTypeError.swift */; };
		02A2ADD12660A06A00774151 /* Event.swift in Sources */ = {isa = PBXBuildFile; fileRef = 02A2ADD02660A06A00774151 /* Event.swift */; };
		02A2ADD22660A06A00774151 /* Event.swift in Sources */ = {isa = PBXBuildFile; fileRef = 02A2ADD02660A06A00774151 /* Event.swift */; };
		02A2ADD42660A07B00774151 /* Record.swift in Sources */ = {isa = PBXBuildFile; fileRef = 02A2ADD32660A07B00774151 /* Record.swift */; };
		02A2ADD52660A07B00774151 /* Record.swift in Sources */ = {isa = PBXBuildFile; fileRef = 02A2ADD32660A07B00774151 /* Record.swift */; };
		02A2ADD72660AF3A00774151 /* Records.swift in Sources */ = {isa = PBXBuildFile; fileRef = 02A2ADD62660AF3A00774151 /* Records.swift */; };
		02A2ADD82660AF3A00774151 /* Records.swift in Sources */ = {isa = PBXBuildFile; fileRef = 02A2ADD62660AF3A00774151 /* Records.swift */; };
		02A2ADDA2660AFBD00774151 /* ContentView.swift in Sources */ = {isa = PBXBuildFile; fileRef = 02A2ADD92660AFBD00774151 /* ContentView.swift */; };
		02A2ADDD2660B01F00774151 /* RecordView.swift in Sources */ = {isa = PBXBuildFile; fileRef = 02A2ADDC2660B01F00774151 /* RecordView.swift */; };
		02A2ADDF2660B03200774151 /* RecordDetailView.swift in Sources */ = {isa = PBXBuildFile; fileRef = 02A2ADDE2660B03200774151 /* RecordDetailView.swift */; };
/* End PBXBuildFile section */

/* Begin PBXContainerItemProxy section */
		02A2ADA52660A02E00774151 /* PBXContainerItemProxy */ = {
			isa = PBXContainerItemProxy;
			containerPortal = 02A2AD882660A02D00774151 /* Project object */;
			proxyType = 1;
			remoteGlobalIDString = 02A2AD932660A02E00774151;
			remoteInfo = "Checkbook (iOS)";
		};
		02A2ADB02660A02E00774151 /* PBXContainerItemProxy */ = {
			isa = PBXContainerItemProxy;
			containerPortal = 02A2AD882660A02D00774151 /* Project object */;
			proxyType = 1;
			remoteGlobalIDString = 02A2AD9B2660A02E00774151;
			remoteInfo = "Checkbook (macOS)";
		};
/* End PBXContainerItemProxy section */

/* Begin PBXFileReference section */
		020B4125268F7AA3004B6FE2 /* Bundle+displayName.swift */ = {isa = PBXFileReference; lastKnownFileType = sourcecode.swift; path = "Bundle+displayName.swift"; sourceTree = "<group>"; };
		02115E8E268CF50400085138 /* ContentView.swift */ = {isa = PBXFileReference; lastKnownFileType = sourcecode.swift; path = ContentView.swift; sourceTree = "<group>"; };
		02115E90268CF58500085138 /* RecordView.swift */ = {isa = PBXFileReference; lastKnownFileType = sourcecode.swift; path = RecordView.swift; sourceTree = "<group>"; };
		0226126A269789510084A085 /* AppDelegate.swift */ = {isa = PBXFileReference; lastKnownFileType = sourcecode.swift; path = AppDelegate.swift; sourceTree = "<group>"; };
		02676794269794FB005D7DC2 /* CheckbookApp.swift */ = {isa = PBXFileReference; fileEncoding = 4; lastKnownFileType = sourcecode.swift; path = CheckbookApp.swift; sourceTree = "<group>"; };
		026767962697950B005D7DC2 /* CheckbookApp.swift */ = {isa = PBXFileReference; fileEncoding = 4; lastKnownFileType = sourcecode.swift; path = CheckbookApp.swift; sourceTree = "<group>"; };
		026767992697A2E7005D7DC2 /* AppAlert.swift */ = {isa = PBXFileReference; lastKnownFileType = sourcecode.swift; path = AppAlert.swift; sourceTree = "<group>"; };
		02A2AD8F2660A02E00774151 /* Assets.xcassets */ = {isa = PBXFileReference; lastKnownFileType = folder.assetcatalog; path = Assets.xcassets; sourceTree = "<group>"; };
		02A2AD942660A02E00774151 /* BCheckbook.app */ = {isa = PBXFileReference; explicitFileType = wrapper.application; includeInIndex = 0; path = BCheckbook.app; sourceTree = BUILT_PRODUCTS_DIR; };
		02A2AD972660A02E00774151 /* Info.plist */ = {isa = PBXFileReference; lastKnownFileType = text.plist.xml; path = Info.plist; sourceTree = "<group>"; };
		02A2AD9C2660A02E00774151 /* BCheckbook.app */ = {isa = PBXFileReference; explicitFileType = wrapper.application; includeInIndex = 0; path = BCheckbook.app; sourceTree = BUILT_PRODUCTS_DIR; };
		02A2AD9E2660A02E00774151 /* Info.plist */ = {isa = PBXFileReference; lastKnownFileType = text.plist.xml; path = Info.plist; sourceTree = "<group>"; };
		02A2AD9F2660A02E00774151 /* macOS.entitlements */ = {isa = PBXFileReference; lastKnownFileType = text.plist.entitlements; path = macOS.entitlements; sourceTree = "<group>"; };
		02A2ADA42660A02E00774151 /* Tests iOS.xctest */ = {isa = PBXFileReference; explicitFileType = wrapper.cfbundle; includeInIndex = 0; path = "Tests iOS.xctest"; sourceTree = BUILT_PRODUCTS_DIR; };
		02A2ADA82660A02E00774151 /* Tests_iOS.swift */ = {isa = PBXFileReference; lastKnownFileType = sourcecode.swift; path = Tests_iOS.swift; sourceTree = "<group>"; };
		02A2ADAA2660A02E00774151 /* Info.plist */ = {isa = PBXFileReference; lastKnownFileType = text.plist.xml; path = Info.plist; sourceTree = "<group>"; };
		02A2ADAF2660A02E00774151 /* Tests macOS.xctest */ = {isa = PBXFileReference; explicitFileType = wrapper.cfbundle; includeInIndex = 0; path = "Tests macOS.xctest"; sourceTree = BUILT_PRODUCTS_DIR; };
		02A2ADB32660A02E00774151 /* Tests_macOS.swift */ = {isa = PBXFileReference; lastKnownFileType = sourcecode.swift; path = Tests_macOS.swift; sourceTree = "<group>"; };
		02A2ADB52660A02E00774151 /* Info.plist */ = {isa = PBXFileReference; lastKnownFileType = text.plist.xml; path = Info.plist; sourceTree = "<group>"; };
		02A2ADCA2660A04900774151 /* EvenType.swift */ = {isa = PBXFileReference; lastKnownFileType = sourcecode.swift; path = EvenType.swift; sourceTree = "<group>"; };
		02A2ADCD2660A05900774151 /* EventTypeError.swift */ = {isa = PBXFileReference; lastKnownFileType = sourcecode.swift; path = EventTypeError.swift; sourceTree = "<group>"; };
		02A2ADD02660A06A00774151 /* Event.swift */ = {isa = PBXFileReference; lastKnownFileType = sourcecode.swift; path = Event.swift; sourceTree = "<group>"; };
		02A2ADD32660A07B00774151 /* Record.swift */ = {isa = PBXFileReference; lastKnownFileType = sourcecode.swift; path = Record.swift; sourceTree = "<group>"; };
		02A2ADD62660AF3A00774151 /* Records.swift */ = {isa = PBXFileReference; lastKnownFileType = sourcecode.swift; path = Records.swift; sourceTree = "<group>"; };
		02A2ADD92660AFBD00774151 /* ContentView.swift */ = {isa = PBXFileReference; lastKnownFileType = sourcecode.swift; path = ContentView.swift; sourceTree = "<group>"; };
		02A2ADDC2660B01F00774151 /* RecordView.swift */ = {isa = PBXFileReference; lastKnownFileType = sourcecode.swift; path = RecordView.swift; sourceTree = "<group>"; };
		02A2ADDE2660B03200774151 /* RecordDetailView.swift */ = {isa = PBXFileReference; lastKnownFileType = sourcecode.swift; path = RecordDetailView.swift; sourceTree = "<group>"; };
/* End PBXFileReference section */

/* Begin PBXFrameworksBuildPhase section */
		02A2AD912660A02E00774151 /* Frameworks */ = {
			isa = PBXFrameworksBuildPhase;
			buildActionMask = 2147483647;
			files = (
			);
			runOnlyForDeploymentPostprocessing = 0;
		};
		02A2AD992660A02E00774151 /* Frameworks */ = {
			isa = PBXFrameworksBuildPhase;
			buildActionMask = 2147483647;
			files = (
			);
			runOnlyForDeploymentPostprocessing = 0;
		};
		02A2ADA12660A02E00774151 /* Frameworks */ = {
			isa = PBXFrameworksBuildPhase;
			buildActionMask = 2147483647;
			files = (
			);
			runOnlyForDeploymentPostprocessing = 0;
		};
		02A2ADAC2660A02E00774151 /* Frameworks */ = {
			isa = PBXFrameworksBuildPhase;
			buildActionMask = 2147483647;
			files = (
			);
			runOnlyForDeploymentPostprocessing = 0;
		};
/* End PBXFrameworksBuildPhase section */

/* Begin PBXGroup section */
		0246E5DE268F82090047A663 /* Extensions */ = {
			isa = PBXGroup;
			children = (
				020B4125268F7AA3004B6FE2 /* Bundle+displayName.swift */,
			);
			path = Extensions;
			sourceTree = "<group>";
		};
		0246E5DF268F82790047A663 /* Enumerations */ = {
			isa = PBXGroup;
			children = (
				0246E5E0268F828B0047A663 /* Errors */,
				02A2ADCA2660A04900774151 /* EvenType.swift */,
			);
			path = Enumerations;
			sourceTree = "<group>";
		};
		0246E5E0268F828B0047A663 /* Errors */ = {
			isa = PBXGroup;
			children = (
				02A2ADCD2660A05900774151 /* EventTypeError.swift */,
			);
			path = Errors;
			sourceTree = "<group>";
		};
		0246E5E1268F83430047A663 /* Models */ = {
			isa = PBXGroup;
			children = (
				02A2ADD02660A06A00774151 /* Event.swift */,
				02A2ADD32660A07B00774151 /* Record.swift */,
				02A2ADD62660AF3A00774151 /* Records.swift */,
			);
			path = Models;
			sourceTree = "<group>";
		};
		0246E5E2268F83AA0047A663 /* Views */ = {
			isa = PBXGroup;
			children = (
				02A2ADD92660AFBD00774151 /* ContentView.swift */,
				02A2ADDC2660B01F00774151 /* RecordView.swift */,
				02A2ADDE2660B03200774151 /* RecordDetailView.swift */,
			);
			path = Views;
			sourceTree = "<group>";
		};
		0246E5E3268F83CD0047A663 /* Views */ = {
			isa = PBXGroup;
			children = (
				02115E8E268CF50400085138 /* ContentView.swift */,
				02115E90268CF58500085138 /* RecordView.swift */,
			);
			path = Views;
			sourceTree = "<group>";
		};
		02A2AD872660A02D00774151 = {
			isa = PBXGroup;
			children = (
				02A2AD8C2660A02E00774151 /* Shared */,
				02A2AD962660A02E00774151 /* iOS */,
				02A2AD9D2660A02E00774151 /* macOS */,
				02A2ADA72660A02E00774151 /* Tests iOS */,
				02A2ADB22660A02E00774151 /* Tests macOS */,
				02A2AD952660A02E00774151 /* Products */,
			);
			sourceTree = "<group>";
		};
		02A2AD8C2660A02E00774151 /* Shared */ = {
			isa = PBXGroup;
			children = (
				0246E5DF268F82790047A663 /* Enumerations */,
				0246E5DE268F82090047A663 /* Extensions */,
				02A2AD8F2660A02E00774151 /* Assets.xcassets */,
				0246E5E1268F83430047A663 /* Models */,
			);
			path = Shared;
			sourceTree = "<group>";
		};
		02A2AD952660A02E00774151 /* Products */ = {
			isa = PBXGroup;
			children = (
				02A2AD942660A02E00774151 /* BCheckbook.app */,
				02A2AD9C2660A02E00774151 /* BCheckbook.app */,
				02A2ADA42660A02E00774151 /* Tests iOS.xctest */,
				02A2ADAF2660A02E00774151 /* Tests macOS.xctest */,
			);
			name = Products;
			sourceTree = "<group>";
		};
		02A2AD962660A02E00774151 /* iOS */ = {
			isa = PBXGroup;
			children = (
				026767962697950B005D7DC2 /* CheckbookApp.swift */,
				02A2AD972660A02E00774151 /* Info.plist */,
				0246E5E2268F83AA0047A663 /* Views */,
			);
			path = iOS;
			sourceTree = "<group>";
		};
		02A2AD9D2660A02E00774151 /* macOS */ = {
			isa = PBXGroup;
			children = (
				02676794269794FB005D7DC2 /* CheckbookApp.swift */,
				02A2AD9E2660A02E00774151 /* Info.plist */,
				02A2AD9F2660A02E00774151 /* macOS.entitlements */,
				0246E5E3268F83CD0047A663 /* Views */,
				0226126A269789510084A085 /* AppDelegate.swift */,
				026767992697A2E7005D7DC2 /* AppAlert.swift */,
			);
			path = macOS;
			sourceTree = "<group>";
		};
		02A2ADA72660A02E00774151 /* Tests iOS */ = {
			isa = PBXGroup;
			children = (
				02A2ADA82660A02E00774151 /* Tests_iOS.swift */,
				02A2ADAA2660A02E00774151 /* Info.plist */,
			);
			path = "Tests iOS";
			sourceTree = "<group>";
		};
		02A2ADB22660A02E00774151 /* Tests macOS */ = {
			isa = PBXGroup;
			children = (
				02A2ADB32660A02E00774151 /* Tests_macOS.swift */,
				02A2ADB52660A02E00774151 /* Info.plist */,
			);
			path = "Tests macOS";
			sourceTree = "<group>";
		};
/* End PBXGroup section */

/* Begin PBXNativeTarget section */
		02A2AD932660A02E00774151 /* BCheckbook (iOS) */ = {
			isa = PBXNativeTarget;
			buildConfigurationList = 02A2ADBE2660A02E00774151 /* Build configuration list for PBXNativeTarget "BCheckbook (iOS)" */;
			buildPhases = (
				02A2AD902660A02E00774151 /* Sources */,
				02A2AD912660A02E00774151 /* Frameworks */,
				02A2AD922660A02E00774151 /* Resources */,
			);
			buildRules = (
			);
			dependencies = (
			);
			name = "BCheckbook (iOS)";
			productName = "Checkbook (iOS)";
			productReference = 02A2AD942660A02E00774151 /* BCheckbook.app */;
			productType = "com.apple.product-type.application";
		};
		02A2AD9B2660A02E00774151 /* BCheckbook (macOS) */ = {
			isa = PBXNativeTarget;
			buildConfigurationList = 02A2ADC12660A02E00774151 /* Build configuration list for PBXNativeTarget "BCheckbook (macOS)" */;
			buildPhases = (
				02A2AD982660A02E00774151 /* Sources */,
				02A2AD992660A02E00774151 /* Frameworks */,
				02A2AD9A2660A02E00774151 /* Resources */,
			);
			buildRules = (
			);
			dependencies = (
			);
			name = "BCheckbook (macOS)";
			productName = "Checkbook (macOS)";
			productReference = 02A2AD9C2660A02E00774151 /* BCheckbook.app */;
			productType = "com.apple.product-type.application";
		};
		02A2ADA32660A02E00774151 /* Tests iOS */ = {
			isa = PBXNativeTarget;
			buildConfigurationList = 02A2ADC42660A02E00774151 /* Build configuration list for PBXNativeTarget "Tests iOS" */;
			buildPhases = (
				02A2ADA02660A02E00774151 /* Sources */,
				02A2ADA12660A02E00774151 /* Frameworks */,
				02A2ADA22660A02E00774151 /* Resources */,
			);
			buildRules = (
			);
			dependencies = (
				02A2ADA62660A02E00774151 /* PBXTargetDependency */,
			);
			name = "Tests iOS";
			productName = "Tests iOS";
			productReference = 02A2ADA42660A02E00774151 /* Tests iOS.xctest */;
			productType = "com.apple.product-type.bundle.ui-testing";
		};
		02A2ADAE2660A02E00774151 /* Tests macOS */ = {
			isa = PBXNativeTarget;
			buildConfigurationList = 02A2ADC72660A02E00774151 /* Build configuration list for PBXNativeTarget "Tests macOS" */;
			buildPhases = (
				02A2ADAB2660A02E00774151 /* Sources */,
				02A2ADAC2660A02E00774151 /* Frameworks */,
				02A2ADAD2660A02E00774151 /* Resources */,
			);
			buildRules = (
			);
			dependencies = (
				02A2ADB12660A02E00774151 /* PBXTargetDependency */,
			);
			name = "Tests macOS";
			productName = "Tests macOS";
			productReference = 02A2ADAF2660A02E00774151 /* Tests macOS.xctest */;
			productType = "com.apple.product-type.bundle.ui-testing";
		};
/* End PBXNativeTarget section */

/* Begin PBXProject section */
		02A2AD882660A02D00774151 /* Project object */ = {
			isa = PBXProject;
			attributes = {
				LastSwiftUpdateCheck = 1250;
				LastUpgradeCheck = 1250;
				TargetAttributes = {
					02A2AD932660A02E00774151 = {
						CreatedOnToolsVersion = 12.5;
					};
					02A2AD9B2660A02E00774151 = {
						CreatedOnToolsVersion = 12.5;
					};
					02A2ADA32660A02E00774151 = {
						CreatedOnToolsVersion = 12.5;
						TestTargetID = 02A2AD932660A02E00774151;
					};
					02A2ADAE2660A02E00774151 = {
						CreatedOnToolsVersion = 12.5;
						TestTargetID = 02A2AD9B2660A02E00774151;
					};
				};
			};
			buildConfigurationList = 02A2AD8B2660A02D00774151 /* Build configuration list for PBXProject "BCheckbook" */;
			compatibilityVersion = "Xcode 9.3";
			developmentRegion = en;
			hasScannedForEncodings = 0;
			knownRegions = (
				en,
				Base,
			);
			mainGroup = 02A2AD872660A02D00774151;
			productRefGroup = 02A2AD952660A02E00774151 /* Products */;
			projectDirPath = "";
			projectRoot = "";
			targets = (
				02A2AD932660A02E00774151 /* BCheckbook (iOS) */,
				02A2AD9B2660A02E00774151 /* BCheckbook (macOS) */,
				02A2ADA32660A02E00774151 /* Tests iOS */,
				02A2ADAE2660A02E00774151 /* Tests macOS */,
			);
		};
/* End PBXProject section */

/* Begin PBXResourcesBuildPhase section */
		02A2AD922660A02E00774151 /* Resources */ = {
			isa = PBXResourcesBuildPhase;
			buildActionMask = 2147483647;
			files = (
				02A2ADBA2660A02E00774151 /* Assets.xcassets in Resources */,
			);
			runOnlyForDeploymentPostprocessing = 0;
		};
		02A2AD9A2660A02E00774151 /* Resources */ = {
			isa = PBXResourcesBuildPhase;
			buildActionMask = 2147483647;
			files = (
				02A2ADBB2660A02E00774151 /* Assets.xcassets in Resources */,
			);
			runOnlyForDeploymentPostprocessing = 0;
		};
		02A2ADA22660A02E00774151 /* Resources */ = {
			isa = PBXResourcesBuildPhase;
			buildActionMask = 2147483647;
			files = (
			);
			runOnlyForDeploymentPostprocessing = 0;
		};
		02A2ADAD2660A02E00774151 /* Resources */ = {
			isa = PBXResourcesBuildPhase;
			buildActionMask = 2147483647;
			files = (
			);
			runOnlyForDeploymentPostprocessing = 0;
		};
/* End PBXResourcesBuildPhase section */

/* Begin PBXSourcesBuildPhase section */
		02A2AD902660A02E00774151 /* Sources */ = {
			isa = PBXSourcesBuildPhase;
			buildActionMask = 2147483647;
			files = (
				02A2ADCB2660A04900774151 /* EvenType.swift in Sources */,
				02A2ADCE2660A05900774151 /* EventTypeError.swift in Sources */,
				02A2ADDA2660AFBD00774151 /* ContentView.swift in Sources */,
				02A2ADDF2660B03200774151 /* RecordDetailView.swift in Sources */,
				02A2ADD72660AF3A00774151 /* Records.swift in Sources */,
				02A2ADD42660A07B00774151 /* Record.swift in Sources */,
				02A2ADDD2660B01F00774151 /* RecordView.swift in Sources */,
				020B4126268F7AA3004B6FE2 /* Bundle+displayName.swift in Sources */,
				02A2ADD12660A06A00774151 /* Event.swift in Sources */,
				026767972697950B005D7DC2 /* CheckbookApp.swift in Sources */,
			);
			runOnlyForDeploymentPostprocessing = 0;
		};
		02A2AD982660A02E00774151 /* Sources */ = {
			isa = PBXSourcesBuildPhase;
			buildActionMask = 2147483647;
			files = (
				02A2ADCC2660A04900774151 /* EvenType.swift in Sources */,
				02A2ADCF2660A05900774151 /* EventTypeError.swift in Sources */,
				02115E8F268CF50400085138 /* ContentView.swift in Sources */,
				02A2ADD82660AF3A00774151 /* Records.swift in Sources */,
				02A2ADD52660A07B00774151 /* Record.swift in Sources */,
				02115E91268CF58500085138 /* RecordView.swift in Sources */,
				02A2ADD22660A06A00774151 /* Event.swift in Sources */,
				0267679A2697A2E7005D7DC2 /* AppAlert.swift in Sources */,
				0267679826979526005D7DC2 /* CheckbookApp.swift in Sources */,
				0226126C26978A300084A085 /* AppDelegate.swift in Sources */,
				020B4127268F7AA3004B6FE2 /* Bundle+displayName.swift in Sources */,
			);
			runOnlyForDeploymentPostprocessing = 0;
		};
		02A2ADA02660A02E00774151 /* Sources */ = {
			isa = PBXSourcesBuildPhase;
			buildActionMask = 2147483647;
			files = (
				02A2ADA92660A02E00774151 /* Tests_iOS.swift in Sources */,
			);
			runOnlyForDeploymentPostprocessing = 0;
		};
		02A2ADAB2660A02E00774151 /* Sources */ = {
			isa = PBXSourcesBuildPhase;
			buildActionMask = 2147483647;
			files = (
				02A2ADB42660A02E00774151 /* Tests_macOS.swift in Sources */,
			);
			runOnlyForDeploymentPostprocessing = 0;
		};
/* End PBXSourcesBuildPhase section */

/* Begin PBXTargetDependency section */
		02A2ADA62660A02E00774151 /* PBXTargetDependency */ = {
			isa = PBXTargetDependency;
			target = 02A2AD932660A02E00774151 /* BCheckbook (iOS) */;
			targetProxy = 02A2ADA52660A02E00774151 /* PBXContainerItemProxy */;
		};
		02A2ADB12660A02E00774151 /* PBXTargetDependency */ = {
			isa = PBXTargetDependency;
			target = 02A2AD9B2660A02E00774151 /* BCheckbook (macOS) */;
			targetProxy = 02A2ADB02660A02E00774151 /* PBXContainerItemProxy */;
		};
/* End PBXTargetDependency section */

/* Begin XCBuildConfiguration section */
		02A2ADBC2660A02E00774151 /* Debug */ = {
			isa = XCBuildConfiguration;
			buildSettings = {
				ALWAYS_SEARCH_USER_PATHS = NO;
				CLANG_ANALYZER_NONNULL = YES;
				CLANG_ANALYZER_NUMBER_OBJECT_CONVERSION = YES_AGGRESSIVE;
				CLANG_CXX_LANGUAGE_STANDARD = "gnu++14";
				CLANG_CXX_LIBRARY = "libc++";
				CLANG_ENABLE_MODULES = YES;
				CLANG_ENABLE_OBJC_ARC = YES;
				CLANG_ENABLE_OBJC_WEAK = YES;
				CLANG_WARN_BLOCK_CAPTURE_AUTORELEASING = YES;
				CLANG_WARN_BOOL_CONVERSION = YES;
				CLANG_WARN_COMMA = YES;
				CLANG_WARN_CONSTANT_CONVERSION = YES;
				CLANG_WARN_DEPRECATED_OBJC_IMPLEMENTATIONS = YES;
				CLANG_WARN_DIRECT_OBJC_ISA_USAGE = YES_ERROR;
				CLANG_WARN_DOCUMENTATION_COMMENTS = YES;
				CLANG_WARN_EMPTY_BODY = YES;
				CLANG_WARN_ENUM_CONVERSION = YES;
				CLANG_WARN_INFINITE_RECURSION = YES;
				CLANG_WARN_INT_CONVERSION = YES;
				CLANG_WARN_NON_LITERAL_NULL_CONVERSION = YES;
				CLANG_WARN_OBJC_IMPLICIT_RETAIN_SELF = YES;
				CLANG_WARN_OBJC_LITERAL_CONVERSION = YES;
				CLANG_WARN_OBJC_ROOT_CLASS = YES_ERROR;
				CLANG_WARN_QUOTED_INCLUDE_IN_FRAMEWORK_HEADER = YES;
				CLANG_WARN_RANGE_LOOP_ANALYSIS = YES;
				CLANG_WARN_STRICT_PROTOTYPES = YES;
				CLANG_WARN_SUSPICIOUS_MOVE = YES;
				CLANG_WARN_UNGUARDED_AVAILABILITY = YES_AGGRESSIVE;
				CLANG_WARN_UNREACHABLE_CODE = YES;
				CLANG_WARN__DUPLICATE_METHOD_MATCH = YES;
				COPY_PHASE_STRIP = NO;
				DEBUG_INFORMATION_FORMAT = dwarf;
				ENABLE_STRICT_OBJC_MSGSEND = YES;
				ENABLE_TESTABILITY = YES;
				GCC_C_LANGUAGE_STANDARD = gnu11;
				GCC_DYNAMIC_NO_PIC = NO;
				GCC_NO_COMMON_BLOCKS = YES;
				GCC_OPTIMIZATION_LEVEL = 0;
				GCC_PREPROCESSOR_DEFINITIONS = (
					"DEBUG=1",
					"$(inherited)",
				);
				GCC_WARN_64_TO_32_BIT_CONVERSION = YES;
				GCC_WARN_ABOUT_RETURN_TYPE = YES_ERROR;
				GCC_WARN_UNDECLARED_SELECTOR = YES;
				GCC_WARN_UNINITIALIZED_AUTOS = YES_AGGRESSIVE;
				GCC_WARN_UNUSED_FUNCTION = YES;
				GCC_WARN_UNUSED_VARIABLE = YES;
				MTL_ENABLE_DEBUG_INFO = INCLUDE_SOURCE;
				MTL_FAST_MATH = YES;
				ONLY_ACTIVE_ARCH = YES;
				SWIFT_ACTIVE_COMPILATION_CONDITIONS = DEBUG;
				SWIFT_OPTIMIZATION_LEVEL = "-Onone";
			};
			name = Debug;
		};
		02A2ADBD2660A02E00774151 /* Release */ = {
			isa = XCBuildConfiguration;
			buildSettings = {
				ALWAYS_SEARCH_USER_PATHS = NO;
				CLANG_ANALYZER_NONNULL = YES;
				CLANG_ANALYZER_NUMBER_OBJECT_CONVERSION = YES_AGGRESSIVE;
				CLANG_CXX_LANGUAGE_STANDARD = "gnu++14";
				CLANG_CXX_LIBRARY = "libc++";
				CLANG_ENABLE_MODULES = YES;
				CLANG_ENABLE_OBJC_ARC = YES;
				CLANG_ENABLE_OBJC_WEAK = YES;
				CLANG_WARN_BLOCK_CAPTURE_AUTORELEASING = YES;
				CLANG_WARN_BOOL_CONVERSION = YES;
				CLANG_WARN_COMMA = YES;
				CLANG_WARN_CONSTANT_CONVERSION = YES;
				CLANG_WARN_DEPRECATED_OBJC_IMPLEMENTATIONS = YES;
				CLANG_WARN_DIRECT_OBJC_ISA_USAGE = YES_ERROR;
				CLANG_WARN_DOCUMENTATION_COMMENTS = YES;
				CLANG_WARN_EMPTY_BODY = YES;
				CLANG_WARN_ENUM_CONVERSION = YES;
				CLANG_WARN_INFINITE_RECURSION = YES;
				CLANG_WARN_INT_CONVERSION = YES;
				CLANG_WARN_NON_LITERAL_NULL_CONVERSION = YES;
				CLANG_WARN_OBJC_IMPLICIT_RETAIN_SELF = YES;
				CLANG_WARN_OBJC_LITERAL_CONVERSION = YES;
				CLANG_WARN_OBJC_ROOT_CLASS = YES_ERROR;
				CLANG_WARN_QUOTED_INCLUDE_IN_FRAMEWORK_HEADER = YES;
				CLANG_WARN_RANGE_LOOP_ANALYSIS = YES;
				CLANG_WARN_STRICT_PROTOTYPES = YES;
				CLANG_WARN_SUSPICIOUS_MOVE = YES;
				CLANG_WARN_UNGUARDED_AVAILABILITY = YES_AGGRESSIVE;
				CLANG_WARN_UNREACHABLE_CODE = YES;
				CLANG_WARN__DUPLICATE_METHOD_MATCH = YES;
				COPY_PHASE_STRIP = NO;
				DEBUG_INFORMATION_FORMAT = "dwarf-with-dsym";
				ENABLE_NS_ASSERTIONS = NO;
				ENABLE_STRICT_OBJC_MSGSEND = YES;
				GCC_C_LANGUAGE_STANDARD = gnu11;
				GCC_NO_COMMON_BLOCKS = YES;
				GCC_WARN_64_TO_32_BIT_CONVERSION = YES;
				GCC_WARN_ABOUT_RETURN_TYPE = YES_ERROR;
				GCC_WARN_UNDECLARED_SELECTOR = YES;
				GCC_WARN_UNINITIALIZED_AUTOS = YES_AGGRESSIVE;
				GCC_WARN_UNUSED_FUNCTION = YES;
				GCC_WARN_UNUSED_VARIABLE = YES;
				MTL_ENABLE_DEBUG_INFO = NO;
				MTL_FAST_MATH = YES;
				SWIFT_COMPILATION_MODE = wholemodule;
				SWIFT_OPTIMIZATION_LEVEL = "-O";
			};
			name = Release;
		};
		02A2ADBF2660A02E00774151 /* Debug */ = {
			isa = XCBuildConfiguration;
			buildSettings = {
				ASSETCATALOG_COMPILER_APPICON_NAME = AppIcon;
				ASSETCATALOG_COMPILER_GLOBAL_ACCENT_COLOR_NAME = AccentColor;
				CODE_SIGN_STYLE = Automatic;
				DEVELOPMENT_TEAM = 7E4Q9ALK69;
				ENABLE_PREVIEWS = YES;
				INFOPLIST_FILE = iOS/Info.plist;
				IPHONEOS_DEPLOYMENT_TARGET = 14.0;
				LD_RUNPATH_SEARCH_PATHS = (
					"$(inherited)",
					"@executable_path/Frameworks",
				);
				MARKETING_VERSION = 0.1;
				PRODUCT_BUNDLE_IDENTIFIER = me.brycecampbell.bcheckbook;
				PRODUCT_NAME = BCheckbook;
				SDKROOT = iphoneos;
				SWIFT_VERSION = 5.0;
				TARGETED_DEVICE_FAMILY = "1,2";
			};
			name = Debug;
		};
		02A2ADC02660A02E00774151 /* Release */ = {
			isa = XCBuildConfiguration;
			buildSettings = {
				ASSETCATALOG_COMPILER_APPICON_NAME = AppIcon;
				ASSETCATALOG_COMPILER_GLOBAL_ACCENT_COLOR_NAME = AccentColor;
				CODE_SIGN_STYLE = Automatic;
				DEVELOPMENT_TEAM = 7E4Q9ALK69;
				ENABLE_PREVIEWS = YES;
				INFOPLIST_FILE = iOS/Info.plist;
				IPHONEOS_DEPLOYMENT_TARGET = 14.0;
				LD_RUNPATH_SEARCH_PATHS = (
					"$(inherited)",
					"@executable_path/Frameworks",
				);
				MARKETING_VERSION = 0.1;
				PRODUCT_BUNDLE_IDENTIFIER = me.brycecampbell.bcheckbook;
				PRODUCT_NAME = BCheckbook;
				SDKROOT = iphoneos;
				SWIFT_VERSION = 5.0;
				TARGETED_DEVICE_FAMILY = "1,2";
				VALIDATE_PRODUCT = YES;
			};
			name = Release;
		};
		02A2ADC22660A02E00774151 /* Debug */ = {
			isa = XCBuildConfiguration;
			buildSettings = {
				ASSETCATALOG_COMPILER_APPICON_NAME = AppIcon;
				ASSETCATALOG_COMPILER_GLOBAL_ACCENT_COLOR_NAME = AccentColor;
				CODE_SIGN_ENTITLEMENTS = macOS/macOS.entitlements;
				CODE_SIGN_STYLE = Automatic;
				COMBINE_HIDPI_IMAGES = YES;
				DEVELOPMENT_TEAM = 7E4Q9ALK69;
				ENABLE_HARDENED_RUNTIME = YES;
				ENABLE_PREVIEWS = YES;
				INFOPLIST_FILE = macOS/Info.plist;
				LD_RUNPATH_SEARCH_PATHS = (
					"$(inherited)",
					"@executable_path/../Frameworks",
				);
				MACOSX_DEPLOYMENT_TARGET = 11.0;
				MARKETING_VERSION = 0.1;
				PRODUCT_BUNDLE_IDENTIFIER = me.brycecampbell.bcheckbook;
				PRODUCT_NAME = BCheckbook;
				SDKROOT = macosx;
				SWIFT_VERSION = 5.0;
			};
			name = Debug;
		};
		02A2ADC32660A02E00774151 /* Release */ = {
			isa = XCBuildConfiguration;
			buildSettings = {
				ASSETCATALOG_COMPILER_APPICON_NAME = AppIcon;
				ASSETCATALOG_COMPILER_GLOBAL_ACCENT_COLOR_NAME = AccentColor;
				CODE_SIGN_ENTITLEMENTS = macOS/macOS.entitlements;
				CODE_SIGN_STYLE = Automatic;
				COMBINE_HIDPI_IMAGES = YES;
				DEVELOPMENT_TEAM = 7E4Q9ALK69;
				ENABLE_HARDENED_RUNTIME = YES;
				ENABLE_PREVIEWS = YES;
				INFOPLIST_FILE = macOS/Info.plist;
				LD_RUNPATH_SEARCH_PATHS = (
					"$(inherited)",
					"@executable_path/../Frameworks",
				);
				MACOSX_DEPLOYMENT_TARGET = 11.0;
				MARKETING_VERSION = 0.1;
				PRODUCT_BUNDLE_IDENTIFIER = me.brycecampbell.bcheckbook;
				PRODUCT_NAME = BCheckbook;
				SDKROOT = macosx;
				SWIFT_VERSION = 5.0;
			};
			name = Release;
		};
		02A2ADC52660A02E00774151 /* Debug */ = {
			isa = XCBuildConfiguration;
			buildSettings = {
				ALWAYS_EMBED_SWIFT_STANDARD_LIBRARIES = YES;
				CODE_SIGN_STYLE = Automatic;
				DEVELOPMENT_TEAM = 7E4Q9ALK69;
				INFOPLIST_FILE = "Tests iOS/Info.plist";
				IPHONEOS_DEPLOYMENT_TARGET = 14.5;
				LD_RUNPATH_SEARCH_PATHS = (
					"$(inherited)",
					"@executable_path/Frameworks",
					"@loader_path/Frameworks",
				);
				PRODUCT_BUNDLE_IDENTIFIER = "com.bryce.Tests-iOS";
				PRODUCT_NAME = "$(TARGET_NAME)";
				SDKROOT = iphoneos;
				SWIFT_VERSION = 5.0;
				TARGETED_DEVICE_FAMILY = "1,2";
				TEST_TARGET_NAME = "Checkbook (iOS)";
			};
			name = Debug;
		};
		02A2ADC62660A02E00774151 /* Release */ = {
			isa = XCBuildConfiguration;
			buildSettings = {
				ALWAYS_EMBED_SWIFT_STANDARD_LIBRARIES = YES;
				CODE_SIGN_STYLE = Automatic;
				DEVELOPMENT_TEAM = 7E4Q9ALK69;
				INFOPLIST_FILE = "Tests iOS/Info.plist";
				IPHONEOS_DEPLOYMENT_TARGET = 14.5;
				LD_RUNPATH_SEARCH_PATHS = (
					"$(inherited)",
					"@executable_path/Frameworks",
					"@loader_path/Frameworks",
				);
				PRODUCT_BUNDLE_IDENTIFIER = "com.bryce.Tests-iOS";
				PRODUCT_NAME = "$(TARGET_NAME)";
				SDKROOT = iphoneos;
				SWIFT_VERSION = 5.0;
				TARGETED_DEVICE_FAMILY = "1,2";
				TEST_TARGET_NAME = "Checkbook (iOS)";
				VALIDATE_PRODUCT = YES;
			};
			name = Release;
		};
		02A2ADC82660A02E00774151 /* Debug */ = {
			isa = XCBuildConfiguration;
			buildSettings = {
				ALWAYS_EMBED_SWIFT_STANDARD_LIBRARIES = YES;
				CODE_SIGN_STYLE = Automatic;
				COMBINE_HIDPI_IMAGES = YES;
				DEVELOPMENT_TEAM = 7E4Q9ALK69;
				INFOPLIST_FILE = "Tests macOS/Info.plist";
				LD_RUNPATH_SEARCH_PATHS = (
					"$(inherited)",
					"@executable_path/../Frameworks",
					"@loader_path/../Frameworks",
				);
				MACOSX_DEPLOYMENT_TARGET = 11.3;
				PRODUCT_BUNDLE_IDENTIFIER = "com.bryce.Tests-macOS";
				PRODUCT_NAME = "$(TARGET_NAME)";
				SDKROOT = macosx;
				SWIFT_VERSION = 5.0;
				TEST_TARGET_NAME = "Checkbook (macOS)";
			};
			name = Debug;
		};
		02A2ADC92660A02E00774151 /* Release */ = {
			isa = XCBuildConfiguration;
			buildSettings = {
				ALWAYS_EMBED_SWIFT_STANDARD_LIBRARIES = YES;
				CODE_SIGN_STYLE = Automatic;
				COMBINE_HIDPI_IMAGES = YES;
				DEVELOPMENT_TEAM = 7E4Q9ALK69;
				INFOPLIST_FILE = "Tests macOS/Info.plist";
				LD_RUNPATH_SEARCH_PATHS = (
					"$(inherited)",
					"@executable_path/../Frameworks",
					"@loader_path/../Frameworks",
				);
				MACOSX_DEPLOYMENT_TARGET = 11.3;
				PRODUCT_BUNDLE_IDENTIFIER = "com.bryce.Tests-macOS";
				PRODUCT_NAME = "$(TARGET_NAME)";
				SDKROOT = macosx;
				SWIFT_VERSION = 5.0;
				TEST_TARGET_NAME = "Checkbook (macOS)";
			};
			name = Release;
		};
/* End XCBuildConfiguration section */

/* Begin XCConfigurationList section */
		02A2AD8B2660A02D00774151 /* Build configuration list for PBXProject "BCheckbook" */ = {
			isa = XCConfigurationList;
			buildConfigurations = (
				02A2ADBC2660A02E00774151 /* Debug */,
				02A2ADBD2660A02E00774151 /* Release */,
			);
			defaultConfigurationIsVisible = 0;
			defaultConfigurationName = Release;
		};
		02A2ADBE2660A02E00774151 /* Build configuration list for PBXNativeTarget "BCheckbook (iOS)" */ = {
			isa = XCConfigurationList;
			buildConfigurations = (
				02A2ADBF2660A02E00774151 /* Debug */,
				02A2ADC02660A02E00774151 /* Release */,
			);
			defaultConfigurationIsVisible = 0;
			defaultConfigurationName = Release;
		};
		02A2ADC12660A02E00774151 /* Build configuration list for PBXNativeTarget "BCheckbook (macOS)" */ = {
			isa = XCConfigurationList;
			buildConfigurations = (
				02A2ADC22660A02E00774151 /* Debug */,
				02A2ADC32660A02E00774151 /* Release */,
			);
			defaultConfigurationIsVisible = 0;
			defaultConfigurationName = Release;
		};
		02A2ADC42660A02E00774151 /* Build configuration list for PBXNativeTarget "Tests iOS" */ = {
			isa = XCConfigurationList;
			buildConfigurations = (
				02A2ADC52660A02E00774151 /* Debug */,
				02A2ADC62660A02E00774151 /* Release */,
			);
			defaultConfigurationIsVisible = 0;
			defaultConfigurationName = Release;
		};
		02A2ADC72660A02E00774151 /* Build configuration list for PBXNativeTarget "Tests macOS" */ = {
			isa = XCConfigurationList;
			buildConfigurations = (
				02A2ADC82660A02E00774151 /* Debug */,
				02A2ADC92660A02E00774151 /* Release */,
			);
			defaultConfigurationIsVisible = 0;
			defaultConfigurationName = Release;
		};
/* End XCConfigurationList section */
	};
	rootObject = 02A2AD882660A02D00774151 /* Project object */;
}
