{
  "object": {
    "pins": [
      {
        "package": "ComboBox",
        "repositoryURL": "https://github.com/bryceac/ComboBox",
        "state": {
          "branch": "main",
          "revision": "d512e6ab38a264fc28440d7259e778bf280dc664",
          "version": null
        }
      },
      {
        "package": "SQLite.swift",
        "repositoryURL": "https://github.com/stephencelis/SQLite.swift",
        "state": {
          "branch": null,
          "revision": "60a65015f6402b7c34b9a924f755ca0a73afeeaa",
          "version": "0.13.1"
        }
      }
    ]
  },
  "version": 1
}
