{
  "object": {
    "pins": [
      {
        "package": "ActivityView",
        "repositoryURL": "https://github.com/SwiftUI-Plus/ActivityView",
        "state": {
          "branch": null,
          "revision": "a6843efd45db389a39701e9a8dc1f91672789b33",
          "version": "1.1.1"
        }
      },
      {
        "package": "ComboBox",
        "repositoryURL": "https://github.com/bryceac/ComboBox",
        "state": {
          "branch": null,
          "revision": "2c567d4293090301f56e1620c7ae5539995d7ec9",
          "version": "0.1.0"
        }
      },
      {
        "package": "SQLite.swift",
        "repositoryURL": "https://github.com/stephencelis/SQLite.swift",
        "state": {
          "branch": null,
          "revision": "60a65015f6402b7c34b9a924f755ca0a73afeeaa",
          "version": "0.13.1"
        }
      }
    ]
  },
  "version": 1
}
